// !$*UTF8*$!
{
	archiveVersion = 1;
	classes = {
	};
	objectVersion = 46;
	objects = {

/* Begin PBXBuildFile section */
		A823EE5A1DF1F94A00C4D25B /* AppDelegate.swift in Sources */ = {isa = PBXBuildFile; fileRef = A823EE591DF1F94A00C4D25B /* AppDelegate.swift */; };
		A823EE5C1DF1F94A00C4D25B /* ViewController.swift in Sources */ = {isa = PBXBuildFile; fileRef = A823EE5B1DF1F94A00C4D25B /* ViewController.swift */; };
		A823EE5F1DF1F94A00C4D25B /* Main.storyboard in Resources */ = {isa = PBXBuildFile; fileRef = A823EE5D1DF1F94A00C4D25B /* Main.storyboard */; };
		A823EE611DF1F94A00C4D25B /* Assets.xcassets in Resources */ = {isa = PBXBuildFile; fileRef = A823EE601DF1F94A00C4D25B /* Assets.xcassets */; };
		A823EE641DF1F94A00C4D25B /* LaunchScreen.storyboard in Resources */ = {isa = PBXBuildFile; fileRef = A823EE621DF1F94A00C4D25B /* LaunchScreen.storyboard */; };
		A823EE6F1DF1F94B00C4D25B /* AppHelloWorldTests.swift in Sources */ = {isa = PBXBuildFile; fileRef = A823EE6E1DF1F94B00C4D25B /* AppHelloWorldTests.swift */; };
		A823EE7A1DF1F94B00C4D25B /* AppHelloWorldUITests.swift in Sources */ = {isa = PBXBuildFile; fileRef = A823EE791DF1F94B00C4D25B /* AppHelloWorldUITests.swift */; };
/* End PBXBuildFile section */

/* Begin PBXContainerItemProxy section */
		A823EE6B1DF1F94B00C4D25B /* PBXContainerItemProxy */ = {
			isa = PBXContainerItemProxy;
			containerPortal = A823EE4E1DF1F94A00C4D25B /* Project object */;
			proxyType = 1;
			remoteGlobalIDString = A823EE551DF1F94A00C4D25B;
			remoteInfo = AppHelloWorld;
		};
		A823EE761DF1F94B00C4D25B /* PBXContainerItemProxy */ = {
			isa = PBXContainerItemProxy;
			containerPortal = A823EE4E1DF1F94A00C4D25B /* Project object */;
			proxyType = 1;
			remoteGlobalIDString = A823EE551DF1F94A00C4D25B;
			remoteInfo = AppHelloWorld;
		};
/* End PBXContainerItemProxy section */

/* Begin PBXFileReference section */
		A823EE561DF1F94A00C4D25B /* AppHelloWorld.app */ = {isa = PBXFileReference; explicitFileType = wrapper.application; includeInIndex = 0; path = AppHelloWorld.app; sourceTree = BUILT_PRODUCTS_DIR; };
		A823EE591DF1F94A00C4D25B /* AppDelegate.swift */ = {isa = PBXFileReference; lastKnownFileType = sourcecode.swift; path = AppDelegate.swift; sourceTree = "<group>"; };
		A823EE5B1DF1F94A00C4D25B /* ViewController.swift */ = {isa = PBXFileReference; lastKnownFileType = sourcecode.swift; path = ViewController.swift; sourceTree = "<group>"; };
		A823EE5E1DF1F94A00C4D25B /* Base */ = {isa = PBXFileReference; lastKnownFileType = file.storyboard; name = Base; path = Base.lproj/Main.storyboard; sourceTree = "<group>"; };
		A823EE601DF1F94A00C4D25B /* Assets.xcassets */ = {isa = PBXFileReference; lastKnownFileType = folder.assetcatalog; path = Assets.xcassets; sourceTree = "<group>"; };
		A823EE631DF1F94A00C4D25B /* Base */ = {isa = PBXFileReference; lastKnownFileType = file.storyboard; name = Base; path = Base.lproj/LaunchScreen.storyboard; sourceTree = "<group>"; };
		A823EE651DF1F94B00C4D25B /* Info.plist */ = {isa = PBXFileReference; lastKnownFileType = text.plist.xml; path = Info.plist; sourceTree = "<group>"; };
		A823EE6A1DF1F94B00C4D25B /* AppHelloWorldTests.xctest */ = {isa = PBXFileReference; explicitFileType = wrapper.cfbundle; includeInIndex = 0; path = AppHelloWorldTests.xctest; sourceTree = BUILT_PRODUCTS_DIR; };
		A823EE6E1DF1F94B00C4D25B /* AppHelloWorldTests.swift */ = {isa = PBXFileReference; lastKnownFileType = sourcecode.swift; path = AppHelloWorldTests.swift; sourceTree = "<group>"; };
		A823EE701DF1F94B00C4D25B /* Info.plist */ = {isa = PBXFileReference; lastKnownFileType = text.plist.xml; path = Info.plist; sourceTree = "<group>"; };
		A823EE751DF1F94B00C4D25B /* AppHelloWorldUITests.xctest */ = {isa = PBXFileReference; explicitFileType = wrapper.cfbundle; includeInIndex = 0; path = AppHelloWorldUITests.xctest; sourceTree = BUILT_PRODUCTS_DIR; };
		A823EE791DF1F94B00C4D25B /* AppHelloWorldUITests.swift */ = {isa = PBXFileReference; lastKnownFileType = sourcecode.swift; path = AppHelloWorldUITests.swift; sourceTree = "<group>"; };
		A823EE7B1DF1F94B00C4D25B /* Info.plist */ = {isa = PBXFileReference; lastKnownFileType = text.plist.xml; path = Info.plist; sourceTree = "<group>"; };
/* End PBXFileReference section */

/* Begin PBXFrameworksBuildPhase section */
		A823EE531DF1F94A00C4D25B /* Frameworks */ = {
			isa = PBXFrameworksBuildPhase;
			buildActionMask = 2147483647;
			files = (
			);
			runOnlyForDeploymentPostprocessing = 0;
		};
		A823EE671DF1F94B00C4D25B /* Frameworks */ = {
			isa = PBXFrameworksBuildPhase;
			buildActionMask = 2147483647;
			files = (
			);
			runOnlyForDeploymentPostprocessing = 0;
		};
		A823EE721DF1F94B00C4D25B /* Frameworks */ = {
			isa = PBXFrameworksBuildPhase;
			buildActionMask = 2147483647;
			files = (
			);
			runOnlyForDeploymentPostprocessing = 0;
		};
/* End PBXFrameworksBuildPhase section */

/* Begin PBXGroup section */
		A823EE4D1DF1F94A00C4D25B = {
			isa = PBXGroup;
			children = (
				A823EE581DF1F94A00C4D25B /* AppHelloWorld */,
				A823EE6D1DF1F94B00C4D25B /* AppHelloWorldTests */,
				A823EE781DF1F94B00C4D25B /* AppHelloWorldUITests */,
				A823EE571DF1F94A00C4D25B /* Products */,
			);
			sourceTree = "<group>";
		};
		A823EE571DF1F94A00C4D25B /* Products */ = {
			isa = PBXGroup;
			children = (
				A823EE561DF1F94A00C4D25B /* AppHelloWorld.app */,
				A823EE6A1DF1F94B00C4D25B /* AppHelloWorldTests.xctest */,
				A823EE751DF1F94B00C4D25B /* AppHelloWorldUITests.xctest */,
			);
			name = Products;
			sourceTree = "<group>";
		};
		A823EE581DF1F94A00C4D25B /* AppHelloWorld */ = {
			isa = PBXGroup;
			children = (
				A823EE591DF1F94A00C4D25B /* AppDelegate.swift */,
				A823EE5B1DF1F94A00C4D25B /* ViewController.swift */,
				A823EE5D1DF1F94A00C4D25B /* Main.storyboard */,
				A823EE601DF1F94A00C4D25B /* Assets.xcassets */,
				A823EE621DF1F94A00C4D25B /* LaunchScreen.storyboard */,
				A823EE651DF1F94B00C4D25B /* Info.plist */,
			);
			path = AppHelloWorld;
			sourceTree = "<group>";
		};
		A823EE6D1DF1F94B00C4D25B /* AppHelloWorldTests */ = {
			isa = PBXGroup;
			children = (
				A823EE6E1DF1F94B00C4D25B /* AppHelloWorldTests.swift */,
				A823EE701DF1F94B00C4D25B /* Info.plist */,
			);
			path = AppHelloWorldTests;
			sourceTree = "<group>";
		};
		A823EE781DF1F94B00C4D25B /* AppHelloWorldUITests */ = {
			isa = PBXGroup;
			children = (
				A823EE791DF1F94B00C4D25B /* AppHelloWorldUITests.swift */,
				A823EE7B1DF1F94B00C4D25B /* Info.plist */,
			);
			path = AppHelloWorldUITests;
			sourceTree = "<group>";
		};
/* End PBXGroup section */

/* Begin PBXNativeTarget section */
		A823EE551DF1F94A00C4D25B /* AppHelloWorld */ = {
			isa = PBXNativeTarget;
			buildConfigurationList = A823EE7E1DF1F94B00C4D25B /* Build configuration list for PBXNativeTarget "AppHelloWorld" */;
			buildPhases = (
				A823EE521DF1F94A00C4D25B /* Sources */,
				A823EE531DF1F94A00C4D25B /* Frameworks */,
				A823EE541DF1F94A00C4D25B /* Resources */,
			);
			buildRules = (
			);
			dependencies = (
			);
			name = AppHelloWorld;
			productName = AppHelloWorld;
			productReference = A823EE561DF1F94A00C4D25B /* AppHelloWorld.app */;
			productType = "com.apple.product-type.application";
		};
		A823EE691DF1F94B00C4D25B /* AppHelloWorldTests */ = {
			isa = PBXNativeTarget;
			buildConfigurationList = A823EE811DF1F94B00C4D25B /* Build configuration list for PBXNativeTarget "AppHelloWorldTests" */;
			buildPhases = (
				A823EE661DF1F94B00C4D25B /* Sources */,
				A823EE671DF1F94B00C4D25B /* Frameworks */,
				A823EE681DF1F94B00C4D25B /* Resources */,
			);
			buildRules = (
			);
			dependencies = (
				A823EE6C1DF1F94B00C4D25B /* PBXTargetDependency */,
			);
			name = AppHelloWorldTests;
			productName = AppHelloWorldTests;
			productReference = A823EE6A1DF1F94B00C4D25B /* AppHelloWorldTests.xctest */;
			productType = "com.apple.product-type.bundle.unit-test";
		};
		A823EE741DF1F94B00C4D25B /* AppHelloWorldUITests */ = {
			isa = PBXNativeTarget;
			buildConfigurationList = A823EE841DF1F94B00C4D25B /* Build configuration list for PBXNativeTarget "AppHelloWorldUITests" */;
			buildPhases = (
				A823EE711DF1F94B00C4D25B /* Sources */,
				A823EE721DF1F94B00C4D25B /* Frameworks */,
				A823EE731DF1F94B00C4D25B /* Resources */,
			);
			buildRules = (
			);
			dependencies = (
				A823EE771DF1F94B00C4D25B /* PBXTargetDependency */,
			);
			name = AppHelloWorldUITests;
			productName = AppHelloWorldUITests;
			productReference = A823EE751DF1F94B00C4D25B /* AppHelloWorldUITests.xctest */;
			productType = "com.apple.product-type.bundle.ui-testing";
		};
/* End PBXNativeTarget section */

/* Begin PBXProject section */
		A823EE4E1DF1F94A00C4D25B /* Project object */ = {
			isa = PBXProject;
			attributes = {
				LastSwiftUpdateCheck = 0820;
				LastUpgradeCheck = 0820;
				ORGANIZATIONNAME = "Ricardo Garcia";
				TargetAttributes = {
					A823EE551DF1F94A00C4D25B = {
						CreatedOnToolsVersion = 8.2;
						ProvisioningStyle = Automatic;
					};
					A823EE691DF1F94B00C4D25B = {
						CreatedOnToolsVersion = 8.2;
						ProvisioningStyle = Automatic;
						TestTargetID = A823EE551DF1F94A00C4D25B;
					};
					A823EE741DF1F94B00C4D25B = {
						CreatedOnToolsVersion = 8.2;
						ProvisioningStyle = Automatic;
						TestTargetID = A823EE551DF1F94A00C4D25B;
					};
				};
			};
			buildConfigurationList = A823EE511DF1F94A00C4D25B /* Build configuration list for PBXProject "AppHelloWorld" */;
			compatibilityVersion = "Xcode 3.2";
			developmentRegion = English;
			hasScannedForEncodings = 0;
			knownRegions = (
				en,
				Base,
			);
			mainGroup = A823EE4D1DF1F94A00C4D25B;
			productRefGroup = A823EE571DF1F94A00C4D25B /* Products */;
			projectDirPath = "";
			projectRoot = "";
			targets = (
				A823EE551DF1F94A00C4D25B /* AppHelloWorld */,
				A823EE691DF1F94B00C4D25B /* AppHelloWorldTests */,
				A823EE741DF1F94B00C4D25B /* AppHelloWorldUITests */,
			);
		};
/* End PBXProject section */

/* Begin PBXResourcesBuildPhase section */
		A823EE541DF1F94A00C4D25B /* Resources */ = {
			isa = PBXResourcesBuildPhase;
			buildActionMask = 2147483647;
			files = (
				A823EE641DF1F94A00C4D25B /* LaunchScreen.storyboard in Resources */,
				A823EE611DF1F94A00C4D25B /* Assets.xcassets in Resources */,
				A823EE5F1DF1F94A00C4D25B /* Main.storyboard in Resources */,
			);
			runOnlyForDeploymentPostprocessing = 0;
		};
		A823EE681DF1F94B00C4D25B /* Resources */ = {
			isa = PBXResourcesBuildPhase;
			buildActionMask = 2147483647;
			files = (
			);
			runOnlyForDeploymentPostprocessing = 0;
		};
		A823EE731DF1F94B00C4D25B /* Resources */ = {
			isa = PBXResourcesBuildPhase;
			buildActionMask = 2147483647;
			files = (
			);
			runOnlyForDeploymentPostprocessing = 0;
		};
/* End PBXResourcesBuildPhase section */

/* Begin PBXSourcesBuildPhase section */
		A823EE521DF1F94A00C4D25B /* Sources */ = {
			isa = PBXSourcesBuildPhase;
			buildActionMask = 2147483647;
			files = (
				A823EE5C1DF1F94A00C4D25B /* ViewController.swift in Sources */,
				A823EE5A1DF1F94A00C4D25B /* AppDelegate.swift in Sources */,
			);
			runOnlyForDeploymentPostprocessing = 0;
		};
		A823EE661DF1F94B00C4D25B /* Sources */ = {
			isa = PBXSourcesBuildPhase;
			buildActionMask = 2147483647;
			files = (
				A823EE6F1DF1F94B00C4D25B /* AppHelloWorldTests.swift in Sources */,
			);
			runOnlyForDeploymentPostprocessing = 0;
		};
		A823EE711DF1F94B00C4D25B /* Sources */ = {
			isa = PBXSourcesBuildPhase;
			buildActionMask = 2147483647;
			files = (
				A823EE7A1DF1F94B00C4D25B /* AppHelloWorldUITests.swift in Sources */,
			);
			runOnlyForDeploymentPostprocessing = 0;
		};
/* End PBXSourcesBuildPhase section */

/* Begin PBXTargetDependency section */
		A823EE6C1DF1F94B00C4D25B /* PBXTargetDependency */ = {
			isa = PBXTargetDependency;
			target = A823EE551DF1F94A00C4D25B /* AppHelloWorld */;
			targetProxy = A823EE6B1DF1F94B00C4D25B /* PBXContainerItemProxy */;
		};
		A823EE771DF1F94B00C4D25B /* PBXTargetDependency */ = {
			isa = PBXTargetDependency;
			target = A823EE551DF1F94A00C4D25B /* AppHelloWorld */;
			targetProxy = A823EE761DF1F94B00C4D25B /* PBXContainerItemProxy */;
		};
/* End PBXTargetDependency section */

/* Begin PBXVariantGroup section */
		A823EE5D1DF1F94A00C4D25B /* Main.storyboard */ = {
			isa = PBXVariantGroup;
			children = (
				A823EE5E1DF1F94A00C4D25B /* Base */,
			);
			name = Main.storyboard;
			sourceTree = "<group>";
		};
		A823EE621DF1F94A00C4D25B /* LaunchScreen.storyboard */ = {
			isa = PBXVariantGroup;
			children = (
				A823EE631DF1F94A00C4D25B /* Base */,
			);
			name = LaunchScreen.storyboard;
			sourceTree = "<group>";
		};
/* End PBXVariantGroup section */

/* Begin XCBuildConfiguration section */
		A823EE7C1DF1F94B00C4D25B /* Debug */ = {
			isa = XCBuildConfiguration;
			buildSettings = {
				ALWAYS_SEARCH_USER_PATHS = NO;
				CLANG_ANALYZER_NONNULL = YES;
				CLANG_CXX_LANGUAGE_STANDARD = "gnu++0x";
				CLANG_CXX_LIBRARY = "libc++";
				CLANG_ENABLE_MODULES = YES;
				CLANG_ENABLE_OBJC_ARC = YES;
				CLANG_WARN_BOOL_CONVERSION = YES;
				CLANG_WARN_CONSTANT_CONVERSION = YES;
				CLANG_WARN_DIRECT_OBJC_ISA_USAGE = YES_ERROR;
				CLANG_WARN_DOCUMENTATION_COMMENTS = YES;
				CLANG_WARN_EMPTY_BODY = YES;
				CLANG_WARN_ENUM_CONVERSION = YES;
				CLANG_WARN_INFINITE_RECURSION = YES;
				CLANG_WARN_INT_CONVERSION = YES;
				CLANG_WARN_OBJC_ROOT_CLASS = YES_ERROR;
				CLANG_WARN_SUSPICIOUS_MOVE = YES;
				CLANG_WARN_UNREACHABLE_CODE = YES;
				CLANG_WARN__DUPLICATE_METHOD_MATCH = YES;
				"CODE_SIGN_IDENTITY[sdk=iphoneos*]" = "iPhone Developer";
				COPY_PHASE_STRIP = NO;
				DEBUG_INFORMATION_FORMAT = dwarf;
				ENABLE_STRICT_OBJC_MSGSEND = YES;
				ENABLE_TESTABILITY = YES;
				GCC_C_LANGUAGE_STANDARD = gnu99;
				GCC_DYNAMIC_NO_PIC = NO;
				GCC_NO_COMMON_BLOCKS = YES;
				GCC_OPTIMIZATION_LEVEL = 0;
				GCC_PREPROCESSOR_DEFINITIONS = (
					"DEBUG=1",
					"$(inherited)",
				);
				GCC_WARN_64_TO_32_BIT_CONVERSION = YES;
				GCC_WARN_ABOUT_RETURN_TYPE = YES_ERROR;
				GCC_WARN_UNDECLARED_SELECTOR = YES;
				GCC_WARN_UNINITIALIZED_AUTOS = YES_AGGRESSIVE;
				GCC_WARN_UNUSED_FUNCTION = YES;
				GCC_WARN_UNUSED_VARIABLE = YES;
				IPHONEOS_DEPLOYMENT_TARGET = 10.2;
				MTL_ENABLE_DEBUG_INFO = YES;
				ONLY_ACTIVE_ARCH = YES;
				SDKROOT = iphoneos;
				SWIFT_ACTIVE_COMPILATION_CONDITIONS = DEBUG;
				SWIFT_OPTIMIZATION_LEVEL = "-Onone";
			};
			name = Debug;
		};
		A823EE7D1DF1F94B00C4D25B /* Release */ = {
			isa = XCBuildConfiguration;
			buildSettings = {
				ALWAYS_SEARCH_USER_PATHS = NO;
				CLANG_ANALYZER_NONNULL = YES;
				CLANG_CXX_LANGUAGE_STANDARD = "gnu++0x";
				CLANG_CXX_LIBRARY = "libc++";
				CLANG_ENABLE_MODULES = YES;
				CLANG_ENABLE_OBJC_ARC = YES;
				CLANG_WARN_BOOL_CONVERSION = YES;
				CLANG_WARN_CONSTANT_CONVERSION = YES;
				CLANG_WARN_DIRECT_OBJC_ISA_USAGE = YES_ERROR;
				CLANG_WARN_DOCUMENTATION_COMMENTS = YES;
				CLANG_WARN_EMPTY_BODY = YES;
				CLANG_WARN_ENUM_CONVERSION = YES;
				CLANG_WARN_INFINITE_RECURSION = YES;
				CLANG_WARN_INT_CONVERSION = YES;
				CLANG_WARN_OBJC_ROOT_CLASS = YES_ERROR;
				CLANG_WARN_SUSPICIOUS_MOVE = YES;
				CLANG_WARN_UNREACHABLE_CODE = YES;
				CLANG_WARN__DUPLICATE_METHOD_MATCH = YES;
				"CODE_SIGN_IDENTITY[sdk=iphoneos*]" = "iPhone Developer";
				COPY_PHASE_STRIP = NO;
				DEBUG_INFORMATION_FORMAT = "dwarf-with-dsym";
				ENABLE_NS_ASSERTIONS = NO;
				ENABLE_STRICT_OBJC_MSGSEND = YES;
				GCC_C_LANGUAGE_STANDARD = gnu99;
				GCC_NO_COMMON_BLOCKS = YES;
				GCC_WARN_64_TO_32_BIT_CONVERSION = YES;
				GCC_WARN_ABOUT_RETURN_TYPE = YES_ERROR;
				GCC_WARN_UNDECLARED_SELECTOR = YES;
				GCC_WARN_UNINITIALIZED_AUTOS = YES_AGGRESSIVE;
				GCC_WARN_UNUSED_FUNCTION = YES;
				GCC_WARN_UNUSED_VARIABLE = YES;
				IPHONEOS_DEPLOYMENT_TARGET = 10.2;
				MTL_ENABLE_DEBUG_INFO = NO;
				SDKROOT = iphoneos;
				SWIFT_OPTIMIZATION_LEVEL = "-Owholemodule";
				VALIDATE_PRODUCT = YES;
			};
			name = Release;
		};
		A823EE7F1DF1F94B00C4D25B /* Debug */ = {
			isa = XCBuildConfiguration;
			buildSettings = {
				ASSETCATALOG_COMPILER_APPICON_NAME = AppIcon;
				INFOPLIST_FILE = AppHelloWorld/Info.plist;
				LD_RUNPATH_SEARCH_PATHS = "$(inherited) @executable_path/Frameworks";
				PRODUCT_BUNDLE_IDENTIFIER = com.ricardogarcia.AppHelloWorld;
				PRODUCT_NAME = "$(TARGET_NAME)";
				SWIFT_VERSION = 3.0;
			};
			name = Debug;
		};
		A823EE801DF1F94B00C4D25B /* Release */ = {
			isa = XCBuildConfiguration;
			buildSettings = {
				ASSETCATALOG_COMPILER_APPICON_NAME = AppIcon;
				INFOPLIST_FILE = AppHelloWorld/Info.plist;
				LD_RUNPATH_SEARCH_PATHS = "$(inherited) @executable_path/Frameworks";
				PRODUCT_BUNDLE_IDENTIFIER = com.ricardogarcia.AppHelloWorld;
				PRODUCT_NAME = "$(TARGET_NAME)";
				SWIFT_VERSION = 3.0;
			};
			name = Release;
		};
		A823EE821DF1F94B00C4D25B /* Debug */ = {
			isa = XCBuildConfiguration;
			buildSettings = {
				ALWAYS_EMBED_SWIFT_STANDARD_LIBRARIES = YES;
				BUNDLE_LOADER = "$(TEST_HOST)";
				INFOPLIST_FILE = AppHelloWorldTests/Info.plist;
				LD_RUNPATH_SEARCH_PATHS = "$(inherited) @executable_path/Frameworks @loader_path/Frameworks";
				PRODUCT_BUNDLE_IDENTIFIER = com.ricardogarcia.AppHelloWorldTests;
				PRODUCT_NAME = "$(TARGET_NAME)";
				SWIFT_VERSION = 3.0;
				TEST_HOST = "$(BUILT_PRODUCTS_DIR)/AppHelloWorld.app/AppHelloWorld";
			};
			name = Debug;
		};
		A823EE831DF1F94B00C4D25B /* Release */ = {
			isa = XCBuildConfiguration;
			buildSettings = {
				ALWAYS_EMBED_SWIFT_STANDARD_LIBRARIES = YES;
				BUNDLE_LOADER = "$(TEST_HOST)";
				INFOPLIST_FILE = AppHelloWorldTests/Info.plist;
				LD_RUNPATH_SEARCH_PATHS = "$(inherited) @executable_path/Frameworks @loader_path/Frameworks";
				PRODUCT_BUNDLE_IDENTIFIER = com.ricardogarcia.AppHelloWorldTests;
				PRODUCT_NAME = "$(TARGET_NAME)";
				SWIFT_VERSION = 3.0;
				TEST_HOST = "$(BUILT_PRODUCTS_DIR)/AppHelloWorld.app/AppHelloWorld";
			};
			name = Release;
		};
		A823EE851DF1F94B00C4D25B /* Debug */ = {
			isa = XCBuildConfiguration;
			buildSettings = {
				ALWAYS_EMBED_SWIFT_STANDARD_LIBRARIES = YES;
				INFOPLIST_FILE = AppHelloWorldUITests/Info.plist;
				LD_RUNPATH_SEARCH_PATHS = "$(inherited) @executable_path/Frameworks @loader_path/Frameworks";
				PRODUCT_BUNDLE_IDENTIFIER = com.ricardogarcia.AppHelloWorldUITests;
				PRODUCT_NAME = "$(TARGET_NAME)";
				SWIFT_VERSION = 3.0;
				TEST_TARGET_NAME = AppHelloWorld;
			};
			name = Debug;
		};
		A823EE861DF1F94B00C4D25B /* Release */ = {
			isa = XCBuildConfiguration;
			buildSettings = {
				ALWAYS_EMBED_SWIFT_STANDARD_LIBRARIES = YES;
				INFOPLIST_FILE = AppHelloWorldUITests/Info.plist;
				LD_RUNPATH_SEARCH_PATHS = "$(inherited) @executable_path/Frameworks @loader_path/Frameworks";
				PRODUCT_BUNDLE_IDENTIFIER = com.ricardogarcia.AppHelloWorldUITests;
				PRODUCT_NAME = "$(TARGET_NAME)";
				SWIFT_VERSION = 3.0;
				TEST_TARGET_NAME = AppHelloWorld;
			};
			name = Release;
		};
/* End XCBuildConfiguration section */

/* Begin XCConfigurationList section */
		A823EE511DF1F94A00C4D25B /* Build configuration list for PBXProject "AppHelloWorld" */ = {
			isa = XCConfigurationList;
			buildConfigurations = (
				A823EE7C1DF1F94B00C4D25B /* Debug */,
				A823EE7D1DF1F94B00C4D25B /* Release */,
			);
			defaultConfigurationIsVisible = 0;
			defaultConfigurationName = Release;
		};
		A823EE7E1DF1F94B00C4D25B /* Build configuration list for PBXNativeTarget "AppHelloWorld" */ = {
			isa = XCConfigurationList;
			buildConfigurations = (
				A823EE7F1DF1F94B00C4D25B /* Debug */,
				A823EE801DF1F94B00C4D25B /* Release */,
			);
			defaultConfigurationIsVisible = 0;
		};
		A823EE811DF1F94B00C4D25B /* Build configuration list for PBXNativeTarget "AppHelloWorldTests" */ = {
			isa = XCConfigurationList;
			buildConfigurations = (
				A823EE821DF1F94B00C4D25B /* Debug */,
				A823EE831DF1F94B00C4D25B /* Release */,
			);
			defaultConfigurationIsVisible = 0;
		};
		A823EE841DF1F94B00C4D25B /* Build configuration list for PBXNativeTarget "AppHelloWorldUITests" */ = {
			isa = XCConfigurationList;
			buildConfigurations = (
				A823EE851DF1F94B00C4D25B /* Debug */,
				A823EE861DF1F94B00C4D25B /* Release */,
			);
			defaultConfigurationIsVisible = 0;
		};
/* End XCConfigurationList section */
	};
	rootObject = A823EE4E1DF1F94A00C4D25B /* Project object */;
}
